
Microsoft Visual Studio Solution File, Format Version 11.00
# Visual Studio 2010
Project("{FAE04EC0-301F-11D3-BF4B-00C04F79EFBC}") = "PipeWrench", "PipeWrench\PipeWrench.csproj", "{7FB0C7F8-6A64-4B91-A977-E1E2F6579A7D}"
EndProject
Global
	GlobalSection(SolutionConfigurationPlatforms) = preSolution
		Debug|x86 = Debug|x86
		Release|x86 = Release|x86
	EndGlobalSection
	GlobalSection(ProjectConfigurationPlatforms) = postSolution
		{7FB0C7F8-6A64-4B91-A977-E1E2F6579A7D}.Debug|x86.ActiveCfg = Debug|x86
		{7FB0C7F8-6A64-4B91-A977-E1E2F6579A7D}.Debug|x86.Build.0 = Debug|x86
		{7FB0C7F8-6A64-4B91-A977-E1E2F6579A7D}.Release|x86.ActiveCfg = Release|x86
		{7FB0C7F8-6A64-4B91-A977-E1E2F6579A7D}.Release|x86.Build.0 = Release|x86
	EndGlobalSection
	GlobalSection(SolutionProperties) = preSolution
		HideSolutionNode = FALSE
	EndGlobalSection
EndGlobal
